
Microsoft Visual Studio Solution File, Format Version 12.00
# Visual Studio Version 17
VisualStudioVersion = 17.10.34707.107
MinimumVisualStudioVersion = 10.0.40219.1
Project("{9A19103F-16F7-4668-BE54-9A1E7A4F7556}") = "CompetitionDB", "Competition-db\Competition-db\CompetitionDB.csproj", "{189219BF-B811-40DA-B0DB-4D67D4B18B5C}"
EndProject
Project("{9A19103F-16F7-4668-BE54-9A1E7A4F7556}") = "CompetitionDB.Client", "Competition-db\Competition-db.Client\CompetitionDB.Client.csproj", "{08E1ED2E-B9E9-4C77-865D-376BA7364901}"
EndProject
Project("{FAE04EC0-301F-11D3-BF4B-00C04F79EFBC}") = "src.AppHost", "src.AppHost\src.AppHost.csproj", "{F4E1A574-75FB-4513-98E6-C95236941E9E}"
EndProject
Project("{9A19103F-16F7-4668-BE54-9A1E7A4F7556}") = "src.ServiceDefaults", "src.ServiceDefaults\src.ServiceDefaults.csproj", "{C4DFD886-264F-4ECF-A174-F73916691374}"
EndProject
Global
	GlobalSection(SolutionConfigurationPlatforms) = preSolution
		Debug|Any CPU = Debug|Any CPU
		Release|Any CPU = Release|Any CPU
	EndGlobalSection
	GlobalSection(ProjectConfigurationPlatforms) = postSolution
		{189219BF-B811-40DA-B0DB-4D67D4B18B5C}.Debug|Any CPU.ActiveCfg = Debug|Any CPU
		{189219BF-B811-40DA-B0DB-4D67D4B18B5C}.Debug|Any CPU.Build.0 = Debug|Any CPU
		{189219BF-B811-40DA-B0DB-4D67D4B18B5C}.Release|Any CPU.ActiveCfg = Release|Any CPU
		{189219BF-B811-40DA-B0DB-4D67D4B18B5C}.Release|Any CPU.Build.0 = Release|Any CPU
		{08E1ED2E-B9E9-4C77-865D-376BA7364901}.Debug|Any CPU.ActiveCfg = Debug|Any CPU
		{08E1ED2E-B9E9-4C77-865D-376BA7364901}.Debug|Any CPU.Build.0 = Debug|Any CPU
		{08E1ED2E-B9E9-4C77-865D-376BA7364901}.Release|Any CPU.ActiveCfg = Release|Any CPU
		{08E1ED2E-B9E9-4C77-865D-376BA7364901}.Release|Any CPU.Build.0 = Release|Any CPU
		{F4E1A574-75FB-4513-98E6-C95236941E9E}.Debug|Any CPU.ActiveCfg = Debug|Any CPU
		{F4E1A574-75FB-4513-98E6-C95236941E9E}.Debug|Any CPU.Build.0 = Debug|Any CPU
		{F4E1A574-75FB-4513-98E6-C95236941E9E}.Release|Any CPU.ActiveCfg = Release|Any CPU
		{F4E1A574-75FB-4513-98E6-C95236941E9E}.Release|Any CPU.Build.0 = Release|Any CPU
		{C4DFD886-264F-4ECF-A174-F73916691374}.Debug|Any CPU.ActiveCfg = Debug|Any CPU
		{C4DFD886-264F-4ECF-A174-F73916691374}.Debug|Any CPU.Build.0 = Debug|Any CPU
		{C4DFD886-264F-4ECF-A174-F73916691374}.Release|Any CPU.ActiveCfg = Release|Any CPU
		{C4DFD886-264F-4ECF-A174-F73916691374}.Release|Any CPU.Build.0 = Release|Any CPU
	EndGlobalSection
	GlobalSection(SolutionProperties) = preSolution
		HideSolutionNode = FALSE
	EndGlobalSection
	GlobalSection(ExtensibilityGlobals) = postSolution
		SolutionGuid = {09958526-1EB3-4DD2-8991-BC6BF5E5499B}
	EndGlobalSection
EndGlobal
